
Microsoft Visual Studio Solution File, Format Version 12.00
# Visual Studio Version 16
VisualStudioVersion = 16.0.29411.108
MinimumVisualStudioVersion = 10.0.40219.1
Project("{8BC9CEB8-8B4A-11D0-8D11-00A0C91BC942}") = "graGuessGame", "graGuessGame\graGuessGame.vcxproj", "{16FDEFC4-6AD6-4C3A-BE33-577ADB6A8946}"
EndProject
Global
	GlobalSection(SolutionConfigurationPlatforms) = preSolution
		Debug|x64 = Debug|x64
		Debug|x86 = Debug|x86
		Release|x64 = Release|x64
		Release|x86 = Release|x86
	EndGlobalSection
	GlobalSection(ProjectConfigurationPlatforms) = postSolution
		{16FDEFC4-6AD6-4C3A-BE33-577ADB6A8946}.Debug|x64.ActiveCfg = Debug|x64
		{16FDEFC4-6AD6-4C3A-BE33-577ADB6A8946}.Debug|x64.Build.0 = Debug|x64
		{16FDEFC4-6AD6-4C3A-BE33-577ADB6A8946}.Debug|x86.ActiveCfg = Debug|Win32
		{16FDEFC4-6AD6-4C3A-BE33-577ADB6A8946}.Debug|x86.Build.0 = Debug|Win32
		{16FDEFC4-6AD6-4C3A-BE33-577ADB6A8946}.Release|x64.ActiveCfg = Release|x64
		{16FDEFC4-6AD6-4C3A-BE33-577ADB6A8946}.Release|x64.Build.0 = Release|x64
		{16FDEFC4-6AD6-4C3A-BE33-577ADB6A8946}.Release|x86.ActiveCfg = Release|Win32
		{16FDEFC4-6AD6-4C3A-BE33-577ADB6A8946}.Release|x86.Build.0 = Release|Win32
	EndGlobalSection
	GlobalSection(SolutionProperties) = preSolution
		HideSolutionNode = FALSE
	EndGlobalSection
	GlobalSection(ExtensibilityGlobals) = postSolution
		SolutionGuid = {2AD1178E-128B-40A9-832E-E86A012DD7DF}
	EndGlobalSection
EndGlobal
