
Microsoft Visual Studio Solution File, Format Version 12.00
# Visual Studio Version 16
VisualStudioVersion = 16.0.29519.87
MinimumVisualStudioVersion = 10.0.40219.1
Project("{8BC9CEB8-8B4A-11D0-8D11-00A0C91BC942}") = "zajecja7", "zajecja7\zajecja7.vcxproj", "{8CA48CB6-DEBE-4FE1-AA12-BF15C04CE171}"
EndProject
Global
	GlobalSection(SolutionConfigurationPlatforms) = preSolution
		Debug|x64 = Debug|x64
		Debug|x86 = Debug|x86
		Release|x64 = Release|x64
		Release|x86 = Release|x86
	EndGlobalSection
	GlobalSection(ProjectConfigurationPlatforms) = postSolution
		{8CA48CB6-DEBE-4FE1-AA12-BF15C04CE171}.Debug|x64.ActiveCfg = Debug|x64
		{8CA48CB6-DEBE-4FE1-AA12-BF15C04CE171}.Debug|x64.Build.0 = Debug|x64
		{8CA48CB6-DEBE-4FE1-AA12-BF15C04CE171}.Debug|x86.ActiveCfg = Debug|Win32
		{8CA48CB6-DEBE-4FE1-AA12-BF15C04CE171}.Debug|x86.Build.0 = Debug|Win32
		{8CA48CB6-DEBE-4FE1-AA12-BF15C04CE171}.Release|x64.ActiveCfg = Release|x64
		{8CA48CB6-DEBE-4FE1-AA12-BF15C04CE171}.Release|x64.Build.0 = Release|x64
		{8CA48CB6-DEBE-4FE1-AA12-BF15C04CE171}.Release|x86.ActiveCfg = Release|Win32
		{8CA48CB6-DEBE-4FE1-AA12-BF15C04CE171}.Release|x86.Build.0 = Release|Win32
	EndGlobalSection
	GlobalSection(SolutionProperties) = preSolution
		HideSolutionNode = FALSE
	EndGlobalSection
	GlobalSection(ExtensibilityGlobals) = postSolution
		SolutionGuid = {DF1188E1-76FA-4BCC-9826-DB34010B2058}
	EndGlobalSection
EndGlobal
