
Microsoft Visual Studio Solution File, Format Version 12.00
# Visual Studio Version 16
VisualStudioVersion = 16.0.30002.166
MinimumVisualStudioVersion = 10.0.40219.1
Project("{8BC9CEB8-8B4A-11D0-8D11-00A0C91BC942}") = "ConsoleApplication1aa", "ConsoleApplication1aa\ConsoleApplication1aa.vcxproj", "{C1506119-F7A9-490D-ACA5-19DE07EE8980}"
EndProject
Global
	GlobalSection(SolutionConfigurationPlatforms) = preSolution
		Debug|x64 = Debug|x64
		Debug|x86 = Debug|x86
		Release|x64 = Release|x64
		Release|x86 = Release|x86
	EndGlobalSection
	GlobalSection(ProjectConfigurationPlatforms) = postSolution
		{C1506119-F7A9-490D-ACA5-19DE07EE8980}.Debug|x64.ActiveCfg = Debug|x64
		{C1506119-F7A9-490D-ACA5-19DE07EE8980}.Debug|x64.Build.0 = Debug|x64
		{C1506119-F7A9-490D-ACA5-19DE07EE8980}.Debug|x86.ActiveCfg = Debug|Win32
		{C1506119-F7A9-490D-ACA5-19DE07EE8980}.Debug|x86.Build.0 = Debug|Win32
		{C1506119-F7A9-490D-ACA5-19DE07EE8980}.Release|x64.ActiveCfg = Release|x64
		{C1506119-F7A9-490D-ACA5-19DE07EE8980}.Release|x64.Build.0 = Release|x64
		{C1506119-F7A9-490D-ACA5-19DE07EE8980}.Release|x86.ActiveCfg = Release|Win32
		{C1506119-F7A9-490D-ACA5-19DE07EE8980}.Release|x86.Build.0 = Release|Win32
	EndGlobalSection
	GlobalSection(SolutionProperties) = preSolution
		HideSolutionNode = FALSE
	EndGlobalSection
	GlobalSection(ExtensibilityGlobals) = postSolution
		SolutionGuid = {9DCF7B45-2125-4B18-8DC2-5309D9914622}
	EndGlobalSection
EndGlobal
